<?xml version="1.0" encoding="utf-8"?>
<Project ToolsVersion="4.0" xmlns="http://schemas.microsoft.com/developer/msbuild/2003">
  <ItemGroup>
    <Filter Include="Source Files">
      <UniqueIdentifier>{4FC737F1-C7A5-4376-A066-2A32D752A2FF}</UniqueIdentifier>
      <Extensions>cpp;c;cc;cxx;def;odl;idl;hpj;bat;asm;asmx</Extensions>
    </Filter>
    <Filter Include="Header Files">
      <UniqueIdentifier>{93995380-89BD-4b04-88EB-625FBE52EBFB}</UniqueIdentifier>
      <Extensions>h;hh;hpp;hxx;hm;inl;inc;xsd</Extensions>
    </Filter>
    <Filter Include="Resource Files">
      <UniqueIdentifier>{67DA6AB6-F800-4c08-8B7A-83BB121AAD01}</UniqueIdentifier>
      <Extensions>rc;ico;cur;bmp;dlg;rc2;rct;bin;rgs;gif;jpg;jpeg;jpe;resx;tiff;tif;png;wav;mfcribbon-ms</Extensions>
    </Filter>
    <Filter Include="minirtl">
      <UniqueIdentifier>{9cd64d6f-429f-4386-90dc-537be4670964}</UniqueIdentifier>
    </Filter>
    <Filter Include="sha256">
      <UniqueIdentifier>{45bbf084-b55e-40fb-87cb-e4ba29fa7284}</UniqueIdentifier>
    </Filter>
    <Filter Include="ntdll">
      <UniqueIdentifier>{ca55759d-7af4-4478-aac5-da095744e81f}</UniqueIdentifier>
    </Filter>
  </ItemGroup>
  <ItemGroup>
    <ClCompile Include="main.c">
      <Filter>Source Files</Filter>
    </ClCompile>
    <ClCompile Include="sup.c">
      <Filter>Source Files</Filter>
    </ClCompile>
    <ClCompile Include="..\shared\minirtl\_strcat.c">
      <Filter>minirtl</Filter>
    </ClCompile>
    <ClCompile Include="..\shared\minirtl\_strcmp.c">
      <Filter>minirtl</Filter>
    </ClCompile>
    <ClCompile Include="..\shared\minirtl\_strcmpi.c">
      <Filter>minirtl</Filter>
    </ClCompile>
    <ClCompile Include="..\shared\minirtl\_strcpy.c">
      <Filter>minirtl</Filter>
    </ClCompile>
    <ClCompile Include="..\shared\minirtl\_strend.c">
      <Filter>minirtl</Filter>
    </ClCompile>
    <ClCompile Include="..\shared\minirtl\_strlen.c">
      <Filter>minirtl</Filter>
    </ClCompile>
    <ClCompile Include="..\shared\minirtl\_strncmpi.c">
      <Filter>minirtl</Filter>
    </ClCompile>
    <ClCompile Include="..\shared\minirtl\_strncpy.c">
      <Filter>minirtl</Filter>
    </ClCompile>
    <ClCompile Include="..\shared\minirtl\ultohex.c">
      <Filter>minirtl</Filter>
    </ClCompile>
    <ClCompile Include="instdrv.c">
      <Filter>Source Files</Filter>
    </ClCompile>
    <ClCompile Include="..\shared\minirtl\_filename.c">
      <Filter>minirtl</Filter>
    </ClCompile>
    <ClCompile Include="..\shared\minirtl\cmdline.c">
      <Filter>minirtl</Filter>
    </ClCompile>
    <ClCompile Include="gui.c">
      <Filter>Source Files</Filter>
    </ClCompile>
    <ClCompile Include="..\shared\minirtl\ultostr.c">
      <Filter>minirtl</Filter>
    </ClCompile>
    <ClCompile Include="logger.c">
      <Filter>Source Files</Filter>
    </ClCompile>
    <ClCompile Include="whitelist.c">
      <Filter>Source Files</Filter>
    </ClCompile>
    <ClCompile Include="aboutDlg.c">
      <Filter>Source Files</Filter>
    </ClCompile>
    <ClCompile Include="configDlg.c">
      <Filter>Source Files</Filter>
    </ClCompile>
    <ClCompile Include="whitelistDlg.c">
      <Filter>Source Files</Filter>
    </ClCompile>
    <ClCompile Include="..\shared\minirtl\_strncmp.c">
      <Filter>minirtl</Filter>
    </ClCompile>
    <ClCompile Include="filterDlg.c">
      <Filter>Source Files</Filter>
    </ClCompile>
    <ClCompile Include="..\shared\sha256\sha256.c">
      <Filter>sha256</Filter>
    </ClCompile>
    <ClCompile Include="excepth.c">
      <Filter>Source Files</Filter>
    </ClCompile>
    <ClCompile Include="..\shared\minirtl\u64tohex.c">
      <Filter>minirtl</Filter>
    </ClCompile>
    <ClCompile Include="..\shared\minirtl\u64tostr.c">
      <Filter>minirtl</Filter>
    </ClCompile>
    <ClCompile Include="verify.c">
      <Filter>Source Files</Filter>
    </ClCompile>
  </ItemGroup>
  <ItemGroup>
    <ClInclude Include="global.h">
      <Filter>Header Files</Filter>
    </ClInclude>
    <ClInclude Include="sup.h">
      <Filter>Header Files</Filter>
    </ClInclude>
    <ClInclude Include="..\shared\minirtl\minirtl.h">
      <Filter>minirtl</Filter>
    </ClInclude>
    <ClInclude Include="..\shared\minirtl\rtltypes.h">
      <Filter>minirtl</Filter>
    </ClInclude>
    <ClInclude Include="consts.h">
      <Filter>Header Files</Filter>
    </ClInclude>
    <ClInclude Include="instdrv.h">
      <Filter>Header Files</Filter>
    </ClInclude>
    <ClInclude Include="resource.h">
      <Filter>Header Files</Filter>
    </ClInclude>
    <ClInclude Include="..\shared\minirtl\_filename.h">
      <Filter>minirtl</Filter>
    </ClInclude>
    <ClInclude Include="..\shared\minirtl\cmdline.h">
      <Filter>minirtl</Filter>
    </ClInclude>
    <ClInclude Include="gui.h">
      <Filter>Header Files</Filter>
    </ClInclude>
    <ClInclude Include="logger.h">
      <Filter>Header Files</Filter>
    </ClInclude>
    <ClInclude Include="whitelist.h">
      <Filter>Header Files</Filter>
    </ClInclude>
    <ClInclude Include="list.h">
      <Filter>Header Files</Filter>
    </ClInclude>
    <ClInclude Include="aboudDlg.h">
      <Filter>Header Files</Filter>
    </ClInclude>
    <ClInclude Include="configDlg.h">
      <Filter>Header Files</Filter>
    </ClInclude>
    <ClInclude Include="whitelistDlg.h">
      <Filter>Header Files</Filter>
    </ClInclude>
    <ClInclude Include="filterDlg.h">
      <Filter>Header Files</Filter>
    </ClInclude>
    <ClInclude Include="..\shared\sha256\sha256.h">
      <Filter>sha256</Filter>
    </ClInclude>
    <ClInclude Include="excepth.h">
      <Filter>Header Files</Filter>
    </ClInclude>
    <ClInclude Include="..\shared\ntos.h">
      <Filter>ntdll</Filter>
    </ClInclude>
    <ClInclude Include="verify.h">
      <Filter>Header Files</Filter>
    </ClInclude>
  </ItemGroup>
  <ItemGroup>
    <ResourceCompile Include="res.rc">
      <Filter>Resource Files</Filter>
    </ResourceCompile>
  </ItemGroup>
  <ItemGroup>
    <Image Include="res\ribbon1.bmp">
      <Filter>Resource Files</Filter>
    </Image>
    <Image Include="res\102.ico">
      <Filter>Resource Files</Filter>
    </Image>
    <Image Include="res\103.ico">
      <Filter>Resource Files</Filter>
    </Image>
    <Image Include="res\104.ico">
      <Filter>Resource Files</Filter>
    </Image>
    <Image Include="res\105.ico">
      <Filter>Resource Files</Filter>
    </Image>
    <Image Include="res\106.ico">
      <Filter>Resource Files</Filter>
    </Image>
    <Image Include="res\main.ico">
      <Filter>Resource Files</Filter>
    </Image>
  </ItemGroup>
</Project>